{
  "name": "wasm",
  "lockfileVersion": 3,
  "requires": true,
  "packages": {
    "": {
      "dependencies": {
        "interfacets": "file:../../../frontend"
      }
    },
    "../../../frontend": {
      "name": "interfacets",
      "version": "0.0.1",
      "license": "MIT",
      "devDependencies": {},
      "peerDependencies": {
        "react": "^19.0.0",
        "react-dom": "^19.0.0"
      }
    },
    "node_modules/interfacets": {
      "resolved": "../../../frontend",
      "link": true
    }
  }
}
